{"1.2.0",
[{<<"acceptor_pool">>,{pkg,<<"acceptor_pool">>,<<"1.0.0">>},2},
 {<<"aws">>,{pkg,<<"aws_erlang">>,<<"1.0.5">>},0},
 {<<"aws_signature">>,{pkg,<<"aws_signature">>,<<"0.3.1">>},1},
 {<<"certifi">>,{pkg,<<"certifi">>,<<"2.8.0">>},2},
 {<<"chatterbox">>,{pkg,<<"ts_chatterbox">>,<<"0.15.1">>},2},
 {<<"ctx">>,{pkg,<<"ctx">>,<<"0.6.0">>},2},
 {<<"gproc">>,{pkg,<<"gproc">>,<<"0.9.0">>},0},
 {<<"grpcbox">>,{pkg,<<"grpcbox">>,<<"0.17.1">>},1},
 {<<"hackney">>,{pkg,<<"hackney">>,<<"1.18.0">>},1},
 {<<"hpack">>,{pkg,<<"hpack_erl">>,<<"0.3.0">>},3},
 {<<"idna">>,{pkg,<<"idna">>,<<"6.1.1">>},2},
 {<<"itc">>,{pkg,<<"interval_tree_clocks">>,<<"1.0.0">>},0},
 {<<"jsx">>,{pkg,<<"jsx">>,<<"3.0.0">>},1},
 {<<"metrics">>,{pkg,<<"metrics">>,<<"1.0.1">>},2},
 {<<"mimerl">>,{pkg,<<"mimerl">>,<<"1.2.0">>},2},
 {<<"opentelemetry">>,
  {git_subdir,"http://github.com/open-telemetry/opentelemetry-erlang",
              {ref,"8c9dc00196aebaaaa9db4c2992d4d872894044e5"},
              "apps/opentelemetry"},
  0},
 {<<"opentelemetry_api">>,
  {git_subdir,"http://github.com/open-telemetry/opentelemetry-erlang",
              {ref,"8c9dc00196aebaaaa9db4c2992d4d872894044e5"},
              "apps/opentelemetry_api"},
  0},
 {<<"opentelemetry_exporter">>,
  {git_subdir,"http://github.com/open-telemetry/opentelemetry-erlang",
              {ref,"8c9dc00196aebaaaa9db4c2992d4d872894044e5"},
              "apps/opentelemetry_exporter"},
  0},
 {<<"opentelemetry_semantic_conventions">>,
  {pkg,<<"opentelemetry_semantic_conventions">>,<<"0.2.0">>},
  1},
 {<<"parse_trans">>,{pkg,<<"parse_trans">>,<<"3.3.1">>},2},
 {<<"quickrand">>,{pkg,<<"quickrand">>,<<"2.0.5">>},1},
 {<<"recon">>,{pkg,<<"recon">>,<<"2.5.3">>},0},
 {<<"ssl_verify_fun">>,{pkg,<<"ssl_verify_fun">>,<<"1.1.7">>},2},
 {<<"tak">>,
  {git,"https://github.com/ferd/tak.git",
       {ref,"7bd3b824c9b5204c88cdd1c3e76999d3a8f0bfe1"}},
  0},
 {<<"tls_certificate_check">>,
  {pkg,<<"tls_certificate_check">>,<<"1.19.0">>},
  1},
 {<<"tomerl">>,{pkg,<<"tomerl">>,<<"0.5.0">>},0},
 {<<"unicode_util_compat">>,{pkg,<<"unicode_util_compat">>,<<"0.7.0">>},2},
 {<<"uuid">>,{pkg,<<"uuid_erl">>,<<"2.0.0">>},0}]}.
[
{pkg_hash,[
 {<<"acceptor_pool">>, <<"43C20D2ACAE35F0C2BCD64F9D2BDE267E459F0F3FD23DAB26485BF518C281B21">>},
 {<<"aws">>, <<"F020F6F95BA32C4E3F49468B0F5275B8BEA4E591F442CB570011EAF74BC7C64F">>},
 {<<"aws_signature">>, <<"67F369094CBD55FFA2BBD8CC713EDE14B195FCFB45C86665CD7C5AD010276148">>},
 {<<"certifi">>, <<"D4FB0A6BB20B7C9C3643E22507E42F356AC090A1DCEA9AB99E27E0376D695EBA">>},
 {<<"chatterbox">>, <<"5CAC4D15DD7AD61FC3C4415CE4826FC563D4643DEE897A558EC4EA0B1C835C9C">>},
 {<<"ctx">>, <<"8FF88B70E6400C4DF90142E7F130625B82086077A45364A78D208ED3ED53C7FE">>},
 {<<"gproc">>, <<"853CCB7805E9ADA25D227A157BA966F7B34508F386A3E7E21992B1B484230699">>},
 {<<"grpcbox">>, <<"6E040AB3EF16FE699FFB513B0EF8E2E896DA7B18931A1EF817143037C454BCCE">>},
 {<<"hackney">>, <<"C4443D960BB9FBA6D01161D01CD81173089686717D9490E5D3606644C48D121F">>},
 {<<"hpack">>, <<"2461899CC4AB6A0EF8E970C1661C5FC6A52D3C25580BC6DD204F84CE94669926">>},
 {<<"idna">>, <<"8A63070E9F7D0C62EB9D9FCB360A7DE382448200FBBD1B106CC96D3D8099DF8D">>},
 {<<"itc">>, <<"2CE9C218CE4DC34D0FECF282E70847F82C79435226E8AF3EAF0A1BA29ED7454E">>},
 {<<"jsx">>, <<"20A170ABD4335FC6DB24D5FAD1E5D677C55DADF83D1B20A8A33B5FE159892A39">>},
 {<<"metrics">>, <<"25F094DEA2CDA98213CECC3AEFF09E940299D950904393B2A29D191C346A8486">>},
 {<<"mimerl">>, <<"67E2D3F571088D5CFD3E550C383094B47159F3EEE8FFA08E64106CDF5E981BE3">>},
 {<<"opentelemetry_semantic_conventions">>, <<"B67FE459C2938FCAB341CB0951C44860C62347C005ACE1B50F8402576F241435">>},
 {<<"parse_trans">>, <<"16328AB840CC09919BD10DAB29E431DA3AF9E9E7E7E6F0089DD5A2D2820011D8">>},
 {<<"quickrand">>, <<"06FCAD85CB47D5C85C51D6BC9C84A082501BA098A89D64AD0A2F69599E034C04">>},
 {<<"recon">>, <<"739107B9050EA683C30E96DE050BC59248FD27EC147696F79A8797FF9FA17153">>},
 {<<"ssl_verify_fun">>, <<"354C321CF377240C7B8716899E182CE4890C5938111A1296ADD3EC74CF1715DF">>},
 {<<"tls_certificate_check">>, <<"C76C4C5D79EE79A2B11C84F910C825D6F024A78427C854F515748E9BD025E987">>},
 {<<"tomerl">>, <<"6E7CEAC151AC573B87B985F3D2112F29933B89BA0693FA741318D899A17AC318">>},
 {<<"unicode_util_compat">>, <<"BC84380C9AB48177092F43AC89E4DFA2C6D62B40B8BD132B1059ECC7232F9A78">>},
 {<<"uuid">>, <<"02C713FAC0E73E5F366CBA541216F1E956E2F00C91C7530D4B21DEC7D3ADA164">>}]},
{pkg_hash_ext,[
 {<<"acceptor_pool">>, <<"0CBCD83FDC8B9AD2EEE2067EF8B91A14858A5883CB7CD800E6FCD5803E158788">>},
 {<<"aws">>, <<"A1382E961F141C3A02B5A13C7D49BDBFA1496B2BE9DA1F02F360BCCA1AA8AD8B">>},
 {<<"aws_signature">>, <<"50FC4DC1D1F7C2D0A8C63F455B3C66ECD74C1CF4C915C768A636F9227704A674">>},
 {<<"certifi">>, <<"6AC7EFC1C6F8600B08D625292D4BBF584E14847CE1B6B5C44D983D273E1097EA">>},
 {<<"chatterbox">>, <<"4F75B91451338BC0DA5F52F3480FA6EF6E3A2AEECFC33686D6B3D0A0948F31AA">>},
 {<<"ctx">>, <<"A14ED2D1B67723DBEBBE423B28D7615EB0BDCBA6FF28F2D1F1B0A7E1D4AA5FC2">>},
 {<<"gproc">>, <<"587E8AF698CCD3504CF4BA8D90F893EDE2B0F58CABB8A916E2BF9321DE3CF10B">>},
 {<<"grpcbox">>, <<"4A3B5D7111DAABC569DC9CBD9B202A3237D81C80BF97212FBC676832CB0CEB17">>},
 {<<"hackney">>, <<"9AFCDA620704D720DB8C6A3123E9848D09C87586DC1C10479C42627B905B5C5E">>},
 {<<"hpack">>, <<"D6137D7079169D8C485C6962DFE261AF5B9EF60FBC557344511C1E65E3D95FB0">>},
 {<<"idna">>, <<"92376EB7894412ED19AC475E4A86F7B413C1B9FBB5BD16DCCD57934157944CEA">>},
 {<<"itc">>, <<"31582577C4D1254C526371B9AB4AF9073F2C96C1E13D59BBA71ABDA4C827D480">>},
 {<<"jsx">>, <<"37BECA0435F5CA8A2F45F76A46211E76418FBEF80C36F0361C249FC75059DC6D">>},
 {<<"metrics">>, <<"69B09ADDDC4F74A40716AE54D140F93BEB0FB8978D8636EADED0C31B6F099F16">>},
 {<<"mimerl">>, <<"F278585650AA581986264638EBF698F8BB19DF297F66AD91B18910DFC6E19323">>},
 {<<"opentelemetry_semantic_conventions">>, <<"D61FA1F5639EE8668D74B527E6806E0503EFC55A42DB7B5F39939D84C07D6895">>},
 {<<"parse_trans">>, <<"07CD9577885F56362D414E8C4C4E6BDF10D43A8767ABB92D24CBE8B24C54888B">>},
 {<<"quickrand">>, <<"252CF0493570EBF1A58985CB71990982CDDCD4396B6427F1E10CF58924C1C052">>},
 {<<"recon">>, <<"6C6683F46FD4A1DFD98404B9F78DCABC7FCD8826613A89DCB984727A8C3099D7">>},
 {<<"ssl_verify_fun">>, <<"FE4C190E8F37401D30167C8C405EDA19469F34577987C76DDE613E838BBC67F8">>},
 {<<"tls_certificate_check">>, <<"4083B4A298ADD534C96125337CB01161C358BB32DD870D5A893AAE685FD91D70">>},
 {<<"tomerl">>, <<"2A7FB62F9EBF0E75561B39255638BC2B805B437C86FEC538657E7C3B576979FA">>},
 {<<"unicode_util_compat">>, <<"25EEE6D67DF61960CF6A794239566599B09E17E668D3700247BC498638152521">>},
 {<<"uuid">>, <<"CE1C1ED1D786BA98F93204BE66F93A797504993954141122FCC5FE59B5331367">>}]}
].
