{"1.2.0",
[{<<"gproc">>,{pkg,<<"gproc">>,<<"0.8.0">>},0},
 {<<"recon">>,{pkg,<<"recon">>,<<"2.3.6">>},0},
 {<<"tomerl">>,{pkg,<<"tomerl">>,<<"0.4.0">>},0}]}.
[
{pkg_hash,[
 {<<"gproc">>, <<"CEA02C578589C61E5341FCE149EA36CCEF236CC2ECAC8691FBA408E7EA77EC2F">>},
 {<<"recon">>, <<"2BCAD0CF621FB277CABBB6413159CD3AA30265C2DEE42C968697988B30108604">>},
 {<<"tomerl">>, <<"279393D94115F7944688B3CFEE8BD97AF7D1606AC40472D4DC2DA2EB376C9311">>}]},
{pkg_hash_ext,[
 {<<"gproc">>, <<"580ADAFA56463B75263EF5A5DF4C86AF321F68694E7786CB057FD805D1E2A7DE">>},
 {<<"recon">>, <<"F55198650A8EC01D3EFC04797ABE550C7D023E7FF8B509F373CF933032049BD8">>},
 {<<"tomerl">>, <<"927DC54CEE788110E158FF5268867AEFD56B49A3A9191D922AEB7CF3A9666826">>}]}
].
