{"1.2.0",
[{<<"acceptor_pool">>,{pkg,<<"acceptor_pool">>,<<"1.0.0">>},2},
 {<<"chatterbox">>,{pkg,<<"ts_chatterbox">>,<<"0.13.0">>},2},
 {<<"ctx">>,{pkg,<<"ctx">>,<<"0.6.0">>},2},
 {<<"gproc">>,{pkg,<<"gproc">>,<<"0.9.0">>},0},
 {<<"grpcbox">>,{pkg,<<"grpcbox">>,<<"0.16.0">>},1},
 {<<"hpack">>,{pkg,<<"hpack_erl">>,<<"0.2.3">>},3},
 {<<"itc">>,{pkg,<<"interval_tree_clocks">>,<<"1.0.0">>},0},
 {<<"opentelemetry">>,
  {git_subdir,"http://github.com/open-telemetry/opentelemetry-erlang",
              {ref,"38591ea15dd903f3827cee792430ef5ce59d1da9"},
              "apps/opentelemetry"},
  0},
 {<<"opentelemetry_api">>,
  {git_subdir,"http://github.com/open-telemetry/opentelemetry-erlang",
              {ref,"38591ea15dd903f3827cee792430ef5ce59d1da9"},
              "apps/opentelemetry_api"},
  0},
 {<<"opentelemetry_exporter">>,
  {git_subdir,"http://github.com/open-telemetry/opentelemetry-erlang",
              {ref,"38591ea15dd903f3827cee792430ef5ce59d1da9"},
              "apps/opentelemetry_exporter"},
  0},
 {<<"opentelemetry_semantic_conventions">>,
  {pkg,<<"opentelemetry_semantic_conventions">>,<<"0.2.0">>},
  1},
 {<<"quickrand">>,{pkg,<<"quickrand">>,<<"2.0.5">>},1},
 {<<"recon">>,{pkg,<<"recon">>,<<"2.5.3">>},0},
 {<<"ssl_verify_fun">>,{pkg,<<"ssl_verify_fun">>,<<"1.1.6">>},2},
 {<<"tak">>,
  {git,"https://github.com/ferd/tak.git",
       {ref,"7bd3b824c9b5204c88cdd1c3e76999d3a8f0bfe1"}},
  0},
 {<<"tls_certificate_check">>,
  {pkg,<<"tls_certificate_check">>,<<"1.17.4">>},
  1},
 {<<"tomerl">>,{pkg,<<"tomerl">>,<<"0.5.0">>},0},
 {<<"uuid">>,{pkg,<<"uuid_erl">>,<<"2.0.0">>},0}]}.
[
{pkg_hash,[
 {<<"acceptor_pool">>, <<"43C20D2ACAE35F0C2BCD64F9D2BDE267E459F0F3FD23DAB26485BF518C281B21">>},
 {<<"chatterbox">>, <<"6F059D97BCAA758B8EA6FFFE2B3B81362BD06B639D3EA2BB088335511D691EBF">>},
 {<<"ctx">>, <<"8FF88B70E6400C4DF90142E7F130625B82086077A45364A78D208ED3ED53C7FE">>},
 {<<"gproc">>, <<"853CCB7805E9ADA25D227A157BA966F7B34508F386A3E7E21992B1B484230699">>},
 {<<"grpcbox">>, <<"B83F37C62D6EECA347B77F9B1EC7E9F62231690CDFEB3A31BE07CD4002BA9C82">>},
 {<<"hpack">>, <<"17670F83FF984AE6CD74B1C456EDDE906D27FF013740EE4D9EFAA4F1BF999633">>},
 {<<"itc">>, <<"2CE9C218CE4DC34D0FECF282E70847F82C79435226E8AF3EAF0A1BA29ED7454E">>},
 {<<"opentelemetry_semantic_conventions">>, <<"B67FE459C2938FCAB341CB0951C44860C62347C005ACE1B50F8402576F241435">>},
 {<<"quickrand">>, <<"06FCAD85CB47D5C85C51D6BC9C84A082501BA098A89D64AD0A2F69599E034C04">>},
 {<<"recon">>, <<"739107B9050EA683C30E96DE050BC59248FD27EC147696F79A8797FF9FA17153">>},
 {<<"ssl_verify_fun">>, <<"CF344F5692C82D2CD7554F5EC8FD961548D4FD09E7D22F5B62482E5AEAEBD4B0">>},
 {<<"tls_certificate_check">>, <<"75209AA363147D77D7782F446D76F7E15B04505B3EBAD4BE74B59B5A953955B2">>},
 {<<"tomerl">>, <<"6E7CEAC151AC573B87B985F3D2112F29933B89BA0693FA741318D899A17AC318">>},
 {<<"uuid">>, <<"02C713FAC0E73E5F366CBA541216F1E956E2F00C91C7530D4B21DEC7D3ADA164">>}]},
{pkg_hash_ext,[
 {<<"acceptor_pool">>, <<"0CBCD83FDC8B9AD2EEE2067EF8B91A14858A5883CB7CD800E6FCD5803E158788">>},
 {<<"chatterbox">>, <<"B93D19104D86AF0B3F2566C4CBA2A57D2E06D103728246BA1AC6C3C0FF010AA7">>},
 {<<"ctx">>, <<"A14ED2D1B67723DBEBBE423B28D7615EB0BDCBA6FF28F2D1F1B0A7E1D4AA5FC2">>},
 {<<"gproc">>, <<"587E8AF698CCD3504CF4BA8D90F893EDE2B0F58CABB8A916E2BF9321DE3CF10B">>},
 {<<"grpcbox">>, <<"294DF743AE20A7E030889F00644001370A4F7CE0121F3BBDAF13CF3169C62913">>},
 {<<"hpack">>, <<"06F580167C4B8B8A6429040DF36CC93BBA6D571FAEAEC1B28816523379CBB23A">>},
 {<<"itc">>, <<"31582577C4D1254C526371B9AB4AF9073F2C96C1E13D59BBA71ABDA4C827D480">>},
 {<<"opentelemetry_semantic_conventions">>, <<"D61FA1F5639EE8668D74B527E6806E0503EFC55A42DB7B5F39939D84C07D6895">>},
 {<<"quickrand">>, <<"252CF0493570EBF1A58985CB71990982CDDCD4396B6427F1E10CF58924C1C052">>},
 {<<"recon">>, <<"6C6683F46FD4A1DFD98404B9F78DCABC7FCD8826613A89DCB984727A8C3099D7">>},
 {<<"ssl_verify_fun">>, <<"BDB0D2471F453C88FF3908E7686F86F9BE327D065CC1EC16FA4540197EA04680">>},
 {<<"tls_certificate_check">>, <<"FAF16168B340D965DA7B7DD20B73301D24BFF925FB4218BB1D6CC54AA41875AD">>},
 {<<"tomerl">>, <<"2A7FB62F9EBF0E75561B39255638BC2B805B437C86FEC538657E7C3B576979FA">>},
 {<<"uuid">>, <<"CE1C1ED1D786BA98F93204BE66F93A797504993954141122FCC5FE59B5331367">>}]}
].
